
Microsoft Visual Studio Solution File, Format Version 12.00
# Visual Studio 15
VisualStudioVersion = 15.0.28307.539
MinimumVisualStudioVersion = 10.0.40219.1
Project("{FAE04EC0-301F-11D3-BF4B-00C04F79EFBC}") = "Server", "HW2\Server.csproj", "{7C98C511-4014-4337-805A-1CD95A50BFCB}"
EndProject
Project("{FAE04EC0-301F-11D3-BF4B-00C04F79EFBC}") = "Client", "Client\Client.csproj", "{EC89392F-1B7D-44B8-8EBF-B1A54A314C02}"
EndProject
Project("{FAE04EC0-301F-11D3-BF4B-00C04F79EFBC}") = "Packet", "Packet\Packet.csproj", "{3CB7B5E9-308C-453C-AB64-7B6CC6A46087}"
EndProject
Global
	GlobalSection(SolutionConfigurationPlatforms) = preSolution
		Debug|Any CPU = Debug|Any CPU
		Release|Any CPU = Release|Any CPU
	EndGlobalSection
	GlobalSection(ProjectConfigurationPlatforms) = postSolution
		{7C98C511-4014-4337-805A-1CD95A50BFCB}.Debug|Any CPU.ActiveCfg = Debug|Any CPU
		{7C98C511-4014-4337-805A-1CD95A50BFCB}.Debug|Any CPU.Build.0 = Debug|Any CPU
		{7C98C511-4014-4337-805A-1CD95A50BFCB}.Release|Any CPU.ActiveCfg = Release|Any CPU
		{7C98C511-4014-4337-805A-1CD95A50BFCB}.Release|Any CPU.Build.0 = Release|Any CPU
		{EC89392F-1B7D-44B8-8EBF-B1A54A314C02}.Debug|Any CPU.ActiveCfg = Debug|Any CPU
		{EC89392F-1B7D-44B8-8EBF-B1A54A314C02}.Debug|Any CPU.Build.0 = Debug|Any CPU
		{EC89392F-1B7D-44B8-8EBF-B1A54A314C02}.Release|Any CPU.ActiveCfg = Release|Any CPU
		{EC89392F-1B7D-44B8-8EBF-B1A54A314C02}.Release|Any CPU.Build.0 = Release|Any CPU
		{3CB7B5E9-308C-453C-AB64-7B6CC6A46087}.Debug|Any CPU.ActiveCfg = Debug|Any CPU
		{3CB7B5E9-308C-453C-AB64-7B6CC6A46087}.Debug|Any CPU.Build.0 = Debug|Any CPU
		{3CB7B5E9-308C-453C-AB64-7B6CC6A46087}.Release|Any CPU.ActiveCfg = Release|Any CPU
		{3CB7B5E9-308C-453C-AB64-7B6CC6A46087}.Release|Any CPU.Build.0 = Release|Any CPU
	EndGlobalSection
	GlobalSection(SolutionProperties) = preSolution
		HideSolutionNode = FALSE
	EndGlobalSection
	GlobalSection(ExtensibilityGlobals) = postSolution
		SolutionGuid = {78F7DCAF-7585-4EB5-B3F6-E85264FB00CF}
	EndGlobalSection
EndGlobal
